// !$*UTF8*$!
{
	archiveVersion = 1;
	classes = {
	};
	objectVersion = 55;
	objects = {

/* Begin PBXBuildFile section */
		2A0EC23D29A15DE700C0C9A1 /* homeViewModel.swift in Sources */ = {isa = PBXBuildFile; fileRef = 2A0EC23C29A15DE700C0C9A1 /* homeViewModel.swift */; };
		2A0EC23F29A15FEA00C0C9A1 /* homeView.swift in Sources */ = {isa = PBXBuildFile; fileRef = 2A0EC23E29A15FEA00C0C9A1 /* homeView.swift */; };
		2AA7B82729A188B7004E2169 /* bottomTabView.swift in Sources */ = {isa = PBXBuildFile; fileRef = 2AA7B82629A188B7004E2169 /* bottomTabView.swift */; };
		2AA7B82929A18938004E2169 /* categoriesView.swift in Sources */ = {isa = PBXBuildFile; fileRef = 2AA7B82829A18938004E2169 /* categoriesView.swift */; };
		2AA7B82B29A18AC3004E2169 /* offersView.swift in Sources */ = {isa = PBXBuildFile; fileRef = 2AA7B82A29A18AC3004E2169 /* offersView.swift */; };
		2AA7B82D29A18AD5004E2169 /* cartView.swift in Sources */ = {isa = PBXBuildFile; fileRef = 2AA7B82C29A18AD5004E2169 /* cartView.swift */; };
		2AA7B82F29A18AE5004E2169 /* accountView.swift in Sources */ = {isa = PBXBuildFile; fileRef = 2AA7B82E29A18AE5004E2169 /* accountView.swift */; };
		2AB61FEF299FCED6001F87D0 /* wacMTVysagApp.swift in Sources */ = {isa = PBXBuildFile; fileRef = 2AB61FEE299FCED6001F87D0 /* wacMTVysagApp.swift */; };
		2AB61FF3299FCEDB001F87D0 /* Assets.xcassets in Resources */ = {isa = PBXBuildFile; fileRef = 2AB61FF2299FCEDB001F87D0 /* Assets.xcassets */; };
		2AB61FF6299FCEDB001F87D0 /* Preview Assets.xcassets in Resources */ = {isa = PBXBuildFile; fileRef = 2AB61FF5299FCEDB001F87D0 /* Preview Assets.xcassets */; };
		2AB62000299FCFA3001F87D0 /* Home.swift in Sources */ = {isa = PBXBuildFile; fileRef = 2AB61FFF299FCFA3001F87D0 /* Home.swift */; };
		2AB6200929A0100F001F87D0 /* APIManager.swift in Sources */ = {isa = PBXBuildFile; fileRef = 2AB6200829A0100F001F87D0 /* APIManager.swift */; };
		2AB6200B29A010EC001F87D0 /* Constant.swift in Sources */ = {isa = PBXBuildFile; fileRef = 2AB6200A29A010EC001F87D0 /* Constant.swift */; };
		2AB6200F29A0D95D001F87D0 /* ColorExtension.swift in Sources */ = {isa = PBXBuildFile; fileRef = 2AB6200E29A0D95D001F87D0 /* ColorExtension.swift */; };
		EDB6B5016F93C816E741BC11 /* Pods_wacMTVysag.framework in Frameworks */ = {isa = PBXBuildFile; fileRef = 2B44C58D628076C44F3C9FF4 /* Pods_wacMTVysag.framework */; };
/* End PBXBuildFile section */

/* Begin PBXFileReference section */
		2A0EC23C29A15DE700C0C9A1 /* homeViewModel.swift */ = {isa = PBXFileReference; lastKnownFileType = sourcecode.swift; path = homeViewModel.swift; sourceTree = "<group>"; };
		2A0EC23E29A15FEA00C0C9A1 /* homeView.swift */ = {isa = PBXFileReference; lastKnownFileType = sourcecode.swift; path = homeView.swift; sourceTree = "<group>"; };
		2AA7B82629A188B7004E2169 /* bottomTabView.swift */ = {isa = PBXFileReference; lastKnownFileType = sourcecode.swift; path = bottomTabView.swift; sourceTree = "<group>"; };
		2AA7B82829A18938004E2169 /* categoriesView.swift */ = {isa = PBXFileReference; lastKnownFileType = sourcecode.swift; path = categoriesView.swift; sourceTree = "<group>"; };
		2AA7B82A29A18AC3004E2169 /* offersView.swift */ = {isa = PBXFileReference; lastKnownFileType = sourcecode.swift; path = offersView.swift; sourceTree = "<group>"; };
		2AA7B82C29A18AD5004E2169 /* cartView.swift */ = {isa = PBXFileReference; lastKnownFileType = sourcecode.swift; path = cartView.swift; sourceTree = "<group>"; };
		2AA7B82E29A18AE5004E2169 /* accountView.swift */ = {isa = PBXFileReference; lastKnownFileType = sourcecode.swift; path = accountView.swift; sourceTree = "<group>"; };
		2AB61FEB299FCED6001F87D0 /* wacMTVysag.app */ = {isa = PBXFileReference; explicitFileType = wrapper.application; includeInIndex = 0; path = wacMTVysag.app; sourceTree = BUILT_PRODUCTS_DIR; };
		2AB61FEE299FCED6001F87D0 /* wacMTVysagApp.swift */ = {isa = PBXFileReference; lastKnownFileType = sourcecode.swift; path = wacMTVysagApp.swift; sourceTree = "<group>"; };
		2AB61FF2299FCEDB001F87D0 /* Assets.xcassets */ = {isa = PBXFileReference; lastKnownFileType = folder.assetcatalog; path = Assets.xcassets; sourceTree = "<group>"; };
		2AB61FF5299FCEDB001F87D0 /* Preview Assets.xcassets */ = {isa = PBXFileReference; lastKnownFileType = folder.assetcatalog; path = "Preview Assets.xcassets"; sourceTree = "<group>"; };
		2AB61FFF299FCFA3001F87D0 /* Home.swift */ = {isa = PBXFileReference; lastKnownFileType = sourcecode.swift; path = Home.swift; sourceTree = "<group>"; };
		2AB6200829A0100F001F87D0 /* APIManager.swift */ = {isa = PBXFileReference; lastKnownFileType = sourcecode.swift; path = APIManager.swift; sourceTree = "<group>"; };
		2AB6200A29A010EC001F87D0 /* Constant.swift */ = {isa = PBXFileReference; lastKnownFileType = sourcecode.swift; path = Constant.swift; sourceTree = "<group>"; };
		2AB6200E29A0D95D001F87D0 /* ColorExtension.swift */ = {isa = PBXFileReference; lastKnownFileType = sourcecode.swift; path = ColorExtension.swift; sourceTree = "<group>"; };
		2B44C58D628076C44F3C9FF4 /* Pods_wacMTVysag.framework */ = {isa = PBXFileReference; explicitFileType = wrapper.framework; includeInIndex = 0; path = Pods_wacMTVysag.framework; sourceTree = BUILT_PRODUCTS_DIR; };
		9B4408A56A63EB530C47E34F /* Pods-wacMTVysag.release.xcconfig */ = {isa = PBXFileReference; includeInIndex = 1; lastKnownFileType = text.xcconfig; name = "Pods-wacMTVysag.release.xcconfig"; path = "Target Support Files/Pods-wacMTVysag/Pods-wacMTVysag.release.xcconfig"; sourceTree = "<group>"; };
		C292FADAD1CAADD0A775DF7B /* Pods-wacMTVysag.debug.xcconfig */ = {isa = PBXFileReference; includeInIndex = 1; lastKnownFileType = text.xcconfig; name = "Pods-wacMTVysag.debug.xcconfig"; path = "Target Support Files/Pods-wacMTVysag/Pods-wacMTVysag.debug.xcconfig"; sourceTree = "<group>"; };
/* End PBXFileReference section */

/* Begin PBXFrameworksBuildPhase section */
		2AB61FE8299FCED6001F87D0 /* Frameworks */ = {
			isa = PBXFrameworksBuildPhase;
			buildActionMask = 2147483647;
			files = (
				EDB6B5016F93C816E741BC11 /* Pods_wacMTVysag.framework in Frameworks */,
			);
			runOnlyForDeploymentPostprocessing = 0;
		};
/* End PBXFrameworksBuildPhase section */

/* Begin PBXGroup section */
		2AB61FE2299FCED5001F87D0 = {
			isa = PBXGroup;
			children = (
				2AB61FED299FCED6001F87D0 /* wacMTVysag */,
				2AB61FEC299FCED6001F87D0 /* Products */,
				C6A27DCC1EC214EEF5E86163 /* Pods */,
				58DF53322562A6BD72423296 /* Frameworks */,
			);
			sourceTree = "<group>";
		};
		2AB61FEC299FCED6001F87D0 /* Products */ = {
			isa = PBXGroup;
			children = (
				2AB61FEB299FCED6001F87D0 /* wacMTVysag.app */,
			);
			name = Products;
			sourceTree = "<group>";
		};
		2AB61FED299FCED6001F87D0 /* wacMTVysag */ = {
			isa = PBXGroup;
			children = (
				2AB6200529A00EC6001F87D0 /* Application */,
				2AB6200129A00CD0001F87D0 /* Constant */,
				2AB6200229A00D81001F87D0 /* Extensions */,
				2AB6200329A00DA0001F87D0 /* Helper */,
				2AB6200429A00DCC001F87D0 /* Screens */,
				2AB6200629A00F0E001F87D0 /* Resources */,
				2AB61FF4299FCEDB001F87D0 /* Preview Content */,
			);
			path = wacMTVysag;
			sourceTree = "<group>";
		};
		2AB61FF4299FCEDB001F87D0 /* Preview Content */ = {
			isa = PBXGroup;
			children = (
				2AB61FF5299FCEDB001F87D0 /* Preview Assets.xcassets */,
			);
			path = "Preview Content";
			sourceTree = "<group>";
		};
		2AB61FFC299FCF15001F87D0 /* Model */ = {
			isa = PBXGroup;
			children = (
				2AB61FFF299FCFA3001F87D0 /* Home.swift */,
			);
			path = Model;
			sourceTree = "<group>";
		};
		2AB61FFD299FCF25001F87D0 /* View */ = {
			isa = PBXGroup;
			children = (
				2A0EC23E29A15FEA00C0C9A1 /* homeView.swift */,
				2AA7B82629A188B7004E2169 /* bottomTabView.swift */,
				2AA7B82829A18938004E2169 /* categoriesView.swift */,
				2AA7B82A29A18AC3004E2169 /* offersView.swift */,
				2AA7B82C29A18AD5004E2169 /* cartView.swift */,
				2AA7B82E29A18AE5004E2169 /* accountView.swift */,
			);
			path = View;
			sourceTree = "<group>";
		};
		2AB61FFE299FCF31001F87D0 /* ViewModel */ = {
			isa = PBXGroup;
			children = (
				2A0EC23C29A15DE700C0C9A1 /* homeViewModel.swift */,
			);
			path = ViewModel;
			sourceTree = "<group>";
		};
		2AB6200129A00CD0001F87D0 /* Constant */ = {
			isa = PBXGroup;
			children = (
				2AB6200A29A010EC001F87D0 /* Constant.swift */,
			);
			path = Constant;
			sourceTree = "<group>";
		};
		2AB6200229A00D81001F87D0 /* Extensions */ = {
			isa = PBXGroup;
			children = (
				2AB6200E29A0D95D001F87D0 /* ColorExtension.swift */,
			);
			path = Extensions;
			sourceTree = "<group>";
		};
		2AB6200329A00DA0001F87D0 /* Helper */ = {
			isa = PBXGroup;
			children = (
				2AB6200829A0100F001F87D0 /* APIManager.swift */,
			);
			path = Helper;
			sourceTree = "<group>";
		};
		2AB6200429A00DCC001F87D0 /* Screens */ = {
			isa = PBXGroup;
			children = (
				2AB6200729A00F83001F87D0 /* HOME */,
			);
			path = Screens;
			sourceTree = "<group>";
		};
		2AB6200529A00EC6001F87D0 /* Application */ = {
			isa = PBXGroup;
			children = (
				2AB61FEE299FCED6001F87D0 /* wacMTVysagApp.swift */,
			);
			path = Application;
			sourceTree = "<group>";
		};
		2AB6200629A00F0E001F87D0 /* Resources */ = {
			isa = PBXGroup;
			children = (
				2AB61FF2299FCEDB001F87D0 /* Assets.xcassets */,
			);
			path = Resources;
			sourceTree = "<group>";
		};
		2AB6200729A00F83001F87D0 /* HOME */ = {
			isa = PBXGroup;
			children = (
				2AB61FFC299FCF15001F87D0 /* Model */,
				2AB61FFD299FCF25001F87D0 /* View */,
				2AB61FFE299FCF31001F87D0 /* ViewModel */,
			);
			path = HOME;
			sourceTree = "<group>";
		};
		58DF53322562A6BD72423296 /* Frameworks */ = {
			isa = PBXGroup;
			children = (
				2B44C58D628076C44F3C9FF4 /* Pods_wacMTVysag.framework */,
			);
			name = Frameworks;
			sourceTree = "<group>";
		};
		C6A27DCC1EC214EEF5E86163 /* Pods */ = {
			isa = PBXGroup;
			children = (
				C292FADAD1CAADD0A775DF7B /* Pods-wacMTVysag.debug.xcconfig */,
				9B4408A56A63EB530C47E34F /* Pods-wacMTVysag.release.xcconfig */,
			);
			path = Pods;
			sourceTree = "<group>";
		};
/* End PBXGroup section */

/* Begin PBXNativeTarget section */
		2AB61FEA299FCED6001F87D0 /* wacMTVysag */ = {
			isa = PBXNativeTarget;
			buildConfigurationList = 2AB61FF9299FCEDB001F87D0 /* Build configuration list for PBXNativeTarget "wacMTVysag" */;
			buildPhases = (
				220728D159E46170C4F02BB6 /* [CP] Check Pods Manifest.lock */,
				2AB61FE7299FCED6001F87D0 /* Sources */,
				2AB61FE8299FCED6001F87D0 /* Frameworks */,
				2AB61FE9299FCED6001F87D0 /* Resources */,
				E84A3CC40FCB80CD3ECF9B52 /* [CP] Embed Pods Frameworks */,
			);
			buildRules = (
			);
			dependencies = (
			);
			name = wacMTVysag;
			productName = wacMTVysag;
			productReference = 2AB61FEB299FCED6001F87D0 /* wacMTVysag.app */;
			productType = "com.apple.product-type.application";
		};
/* End PBXNativeTarget section */

/* Begin PBXProject section */
		2AB61FE3299FCED5001F87D0 /* Project object */ = {
			isa = PBXProject;
			attributes = {
				BuildIndependentTargetsInParallel = 1;
				LastSwiftUpdateCheck = 1340;
				LastUpgradeCheck = 1340;
				TargetAttributes = {
					2AB61FEA299FCED6001F87D0 = {
						CreatedOnToolsVersion = 13.4.1;
					};
				};
			};
			buildConfigurationList = 2AB61FE6299FCED5001F87D0 /* Build configuration list for PBXProject "wacMTVysag" */;
			compatibilityVersion = "Xcode 13.0";
			developmentRegion = en;
			hasScannedForEncodings = 0;
			knownRegions = (
				en,
				Base,
			);
			mainGroup = 2AB61FE2299FCED5001F87D0;
			productRefGroup = 2AB61FEC299FCED6001F87D0 /* Products */;
			projectDirPath = "";
			projectRoot = "";
			targets = (
				2AB61FEA299FCED6001F87D0 /* wacMTVysag */,
			);
		};
/* End PBXProject section */

/* Begin PBXResourcesBuildPhase section */
		2AB61FE9299FCED6001F87D0 /* Resources */ = {
			isa = PBXResourcesBuildPhase;
			buildActionMask = 2147483647;
			files = (
				2AB61FF6299FCEDB001F87D0 /* Preview Assets.xcassets in Resources */,
				2AB61FF3299FCEDB001F87D0 /* Assets.xcassets in Resources */,
			);
			runOnlyForDeploymentPostprocessing = 0;
		};
/* End PBXResourcesBuildPhase section */

/* Begin PBXShellScriptBuildPhase section */
		220728D159E46170C4F02BB6 /* [CP] Check Pods Manifest.lock */ = {
			isa = PBXShellScriptBuildPhase;
			buildActionMask = 2147483647;
			files = (
			);
			inputFileListPaths = (
			);
			inputPaths = (
				"${PODS_PODFILE_DIR_PATH}/Podfile.lock",
				"${PODS_ROOT}/Manifest.lock",
			);
			name = "[CP] Check Pods Manifest.lock";
			outputFileListPaths = (
			);
			outputPaths = (
				"$(DERIVED_FILE_DIR)/Pods-wacMTVysag-checkManifestLockResult.txt",
			);
			runOnlyForDeploymentPostprocessing = 0;
			shellPath = /bin/sh;
			shellScript = "diff \"${PODS_PODFILE_DIR_PATH}/Podfile.lock\" \"${PODS_ROOT}/Manifest.lock\" > /dev/null\nif [ $? != 0 ] ; then\n    # print error to STDERR\n    echo \"error: The sandbox is not in sync with the Podfile.lock. Run 'pod install' or update your CocoaPods installation.\" >&2\n    exit 1\nfi\n# This output is used by Xcode 'outputs' to avoid re-running this script phase.\necho \"SUCCESS\" > \"${SCRIPT_OUTPUT_FILE_0}\"\n";
			showEnvVarsInLog = 0;
		};
		E84A3CC40FCB80CD3ECF9B52 /* [CP] Embed Pods Frameworks */ = {
			isa = PBXShellScriptBuildPhase;
			buildActionMask = 2147483647;
			files = (
			);
			inputFileListPaths = (
				"${PODS_ROOT}/Target Support Files/Pods-wacMTVysag/Pods-wacMTVysag-frameworks-${CONFIGURATION}-input-files.xcfilelist",
			);
			name = "[CP] Embed Pods Frameworks";
			outputFileListPaths = (
				"${PODS_ROOT}/Target Support Files/Pods-wacMTVysag/Pods-wacMTVysag-frameworks-${CONFIGURATION}-output-files.xcfilelist",
			);
			runOnlyForDeploymentPostprocessing = 0;
			shellPath = /bin/sh;
			shellScript = "\"${PODS_ROOT}/Target Support Files/Pods-wacMTVysag/Pods-wacMTVysag-frameworks.sh\"\n";
			showEnvVarsInLog = 0;
		};
/* End PBXShellScriptBuildPhase section */

/* Begin PBXSourcesBuildPhase section */
		2AB61FE7299FCED6001F87D0 /* Sources */ = {
			isa = PBXSourcesBuildPhase;
			buildActionMask = 2147483647;
			files = (
				2AA7B82729A188B7004E2169 /* bottomTabView.swift in Sources */,
				2AB6200929A0100F001F87D0 /* APIManager.swift in Sources */,
				2AA7B82D29A18AD5004E2169 /* cartView.swift in Sources */,
				2A0EC23F29A15FEA00C0C9A1 /* homeView.swift in Sources */,
				2AB6200B29A010EC001F87D0 /* Constant.swift in Sources */,
				2AA7B82F29A18AE5004E2169 /* accountView.swift in Sources */,
				2A0EC23D29A15DE700C0C9A1 /* homeViewModel.swift in Sources */,
				2AA7B82929A18938004E2169 /* categoriesView.swift in Sources */,
				2AB62000299FCFA3001F87D0 /* Home.swift in Sources */,
				2AB61FEF299FCED6001F87D0 /* wacMTVysagApp.swift in Sources */,
				2AB6200F29A0D95D001F87D0 /* ColorExtension.swift in Sources */,
				2AA7B82B29A18AC3004E2169 /* offersView.swift in Sources */,
			);
			runOnlyForDeploymentPostprocessing = 0;
		};
/* End PBXSourcesBuildPhase section */

/* Begin XCBuildConfiguration section */
		2AB61FF7299FCEDB001F87D0 /* Debug */ = {
			isa = XCBuildConfiguration;
			buildSettings = {
				ALWAYS_SEARCH_USER_PATHS = NO;
				CLANG_ANALYZER_NONNULL = YES;
				CLANG_ANALYZER_NUMBER_OBJECT_CONVERSION = YES_AGGRESSIVE;
				CLANG_CXX_LANGUAGE_STANDARD = "gnu++17";
				CLANG_ENABLE_MODULES = YES;
				CLANG_ENABLE_OBJC_ARC = YES;
				CLANG_ENABLE_OBJC_WEAK = YES;
				CLANG_WARN_BLOCK_CAPTURE_AUTORELEASING = YES;
				CLANG_WARN_BOOL_CONVERSION = YES;
				CLANG_WARN_COMMA = YES;
				CLANG_WARN_CONSTANT_CONVERSION = YES;
				CLANG_WARN_DEPRECATED_OBJC_IMPLEMENTATIONS = YES;
				CLANG_WARN_DIRECT_OBJC_ISA_USAGE = YES_ERROR;
				CLANG_WARN_DOCUMENTATION_COMMENTS = YES;
				CLANG_WARN_EMPTY_BODY = YES;
				CLANG_WARN_ENUM_CONVERSION = YES;
				CLANG_WARN_INFINITE_RECURSION = YES;
				CLANG_WARN_INT_CONVERSION = YES;
				CLANG_WARN_NON_LITERAL_NULL_CONVERSION = YES;
				CLANG_WARN_OBJC_IMPLICIT_RETAIN_SELF = YES;
				CLANG_WARN_OBJC_LITERAL_CONVERSION = YES;
				CLANG_WARN_OBJC_ROOT_CLASS = YES_ERROR;
				CLANG_WARN_QUOTED_INCLUDE_IN_FRAMEWORK_HEADER = YES;
				CLANG_WARN_RANGE_LOOP_ANALYSIS = YES;
				CLANG_WARN_STRICT_PROTOTYPES = YES;
				CLANG_WARN_SUSPICIOUS_MOVE = YES;
				CLANG_WARN_UNGUARDED_AVAILABILITY = YES_AGGRESSIVE;
				CLANG_WARN_UNREACHABLE_CODE = YES;
				CLANG_WARN__DUPLICATE_METHOD_MATCH = YES;
				COPY_PHASE_STRIP = NO;
				DEBUG_INFORMATION_FORMAT = dwarf;
				ENABLE_STRICT_OBJC_MSGSEND = YES;
				ENABLE_TESTABILITY = YES;
				GCC_C_LANGUAGE_STANDARD = gnu11;
				GCC_DYNAMIC_NO_PIC = NO;
				GCC_NO_COMMON_BLOCKS = YES;
				GCC_OPTIMIZATION_LEVEL = 0;
				GCC_PREPROCESSOR_DEFINITIONS = (
					"DEBUG=1",
					"$(inherited)",
				);
				GCC_WARN_64_TO_32_BIT_CONVERSION = YES;
				GCC_WARN_ABOUT_RETURN_TYPE = YES_ERROR;
				GCC_WARN_UNDECLARED_SELECTOR = YES;
				GCC_WARN_UNINITIALIZED_AUTOS = YES_AGGRESSIVE;
				GCC_WARN_UNUSED_FUNCTION = YES;
				GCC_WARN_UNUSED_VARIABLE = YES;
				IPHONEOS_DEPLOYMENT_TARGET = 15.5;
				MTL_ENABLE_DEBUG_INFO = INCLUDE_SOURCE;
				MTL_FAST_MATH = YES;
				ONLY_ACTIVE_ARCH = YES;
				SDKROOT = iphoneos;
				SWIFT_ACTIVE_COMPILATION_CONDITIONS = DEBUG;
				SWIFT_OPTIMIZATION_LEVEL = "-Onone";
			};
			name = Debug;
		};
		2AB61FF8299FCEDB001F87D0 /* Release */ = {
			isa = XCBuildConfiguration;
			buildSettings = {
				ALWAYS_SEARCH_USER_PATHS = NO;
				CLANG_ANALYZER_NONNULL = YES;
				CLANG_ANALYZER_NUMBER_OBJECT_CONVERSION = YES_AGGRESSIVE;
				CLANG_CXX_LANGUAGE_STANDARD = "gnu++17";
				CLANG_ENABLE_MODULES = YES;
				CLANG_ENABLE_OBJC_ARC = YES;
				CLANG_ENABLE_OBJC_WEAK = YES;
				CLANG_WARN_BLOCK_CAPTURE_AUTORELEASING = YES;
				CLANG_WARN_BOOL_CONVERSION = YES;
				CLANG_WARN_COMMA = YES;
				CLANG_WARN_CONSTANT_CONVERSION = YES;
				CLANG_WARN_DEPRECATED_OBJC_IMPLEMENTATIONS = YES;
				CLANG_WARN_DIRECT_OBJC_ISA_USAGE = YES_ERROR;
				CLANG_WARN_DOCUMENTATION_COMMENTS = YES;
				CLANG_WARN_EMPTY_BODY = YES;
				CLANG_WARN_ENUM_CONVERSION = YES;
				CLANG_WARN_INFINITE_RECURSION = YES;
				CLANG_WARN_INT_CONVERSION = YES;
				CLANG_WARN_NON_LITERAL_NULL_CONVERSION = YES;
				CLANG_WARN_OBJC_IMPLICIT_RETAIN_SELF = YES;
				CLANG_WARN_OBJC_LITERAL_CONVERSION = YES;
				CLANG_WARN_OBJC_ROOT_CLASS = YES_ERROR;
				CLANG_WARN_QUOTED_INCLUDE_IN_FRAMEWORK_HEADER = YES;
				CLANG_WARN_RANGE_LOOP_ANALYSIS = YES;
				CLANG_WARN_STRICT_PROTOTYPES = YES;
				CLANG_WARN_SUSPICIOUS_MOVE = YES;
				CLANG_WARN_UNGUARDED_AVAILABILITY = YES_AGGRESSIVE;
				CLANG_WARN_UNREACHABLE_CODE = YES;
				CLANG_WARN__DUPLICATE_METHOD_MATCH = YES;
				COPY_PHASE_STRIP = NO;
				DEBUG_INFORMATION_FORMAT = "dwarf-with-dsym";
				ENABLE_NS_ASSERTIONS = NO;
				ENABLE_STRICT_OBJC_MSGSEND = YES;
				GCC_C_LANGUAGE_STANDARD = gnu11;
				GCC_NO_COMMON_BLOCKS = YES;
				GCC_WARN_64_TO_32_BIT_CONVERSION = YES;
				GCC_WARN_ABOUT_RETURN_TYPE = YES_ERROR;
				GCC_WARN_UNDECLARED_SELECTOR = YES;
				GCC_WARN_UNINITIALIZED_AUTOS = YES_AGGRESSIVE;
				GCC_WARN_UNUSED_FUNCTION = YES;
				GCC_WARN_UNUSED_VARIABLE = YES;
				IPHONEOS_DEPLOYMENT_TARGET = 15.5;
				MTL_ENABLE_DEBUG_INFO = NO;
				MTL_FAST_MATH = YES;
				SDKROOT = iphoneos;
				SWIFT_COMPILATION_MODE = wholemodule;
				SWIFT_OPTIMIZATION_LEVEL = "-O";
				VALIDATE_PRODUCT = YES;
			};
			name = Release;
		};
		2AB61FFA299FCEDB001F87D0 /* Debug */ = {
			isa = XCBuildConfiguration;
			baseConfigurationReference = C292FADAD1CAADD0A775DF7B /* Pods-wacMTVysag.debug.xcconfig */;
			buildSettings = {
				ASSETCATALOG_COMPILER_APPICON_NAME = AppIcon;
				ASSETCATALOG_COMPILER_GLOBAL_ACCENT_COLOR_NAME = AccentColor;
				CODE_SIGN_STYLE = Automatic;
				CURRENT_PROJECT_VERSION = 1;
				DEVELOPMENT_ASSET_PATHS = "\"wacMTVysag/Preview Content\"";
				DEVELOPMENT_TEAM = 8Q4PW3Z965;
				ENABLE_PREVIEWS = YES;
				GENERATE_INFOPLIST_FILE = YES;
				INFOPLIST_KEY_UIApplicationSceneManifest_Generation = YES;
				INFOPLIST_KEY_UIApplicationSupportsIndirectInputEvents = YES;
				INFOPLIST_KEY_UILaunchScreen_Generation = YES;
				INFOPLIST_KEY_UISupportedInterfaceOrientations_iPad = "UIInterfaceOrientationPortrait UIInterfaceOrientationPortraitUpsideDown UIInterfaceOrientationLandscapeLeft UIInterfaceOrientationLandscapeRight";
				INFOPLIST_KEY_UISupportedInterfaceOrientations_iPhone = "UIInterfaceOrientationPortrait UIInterfaceOrientationLandscapeLeft UIInterfaceOrientationLandscapeRight";
				LD_RUNPATH_SEARCH_PATHS = (
					"$(inherited)",
					"@executable_path/Frameworks",
				);
				MARKETING_VERSION = 1.0;
				PRODUCT_BUNDLE_IDENTIFIER = com.vysag.wacMTVysag;
				PRODUCT_NAME = "$(TARGET_NAME)";
				SWIFT_EMIT_LOC_STRINGS = YES;
				SWIFT_VERSION = 5.0;
				TARGETED_DEVICE_FAMILY = "1,2";
			};
			name = Debug;
		};
		2AB61FFB299FCEDB001F87D0 /* Release */ = {
			isa = XCBuildConfiguration;
			baseConfigurationReference = 9B4408A56A63EB530C47E34F /* Pods-wacMTVysag.release.xcconfig */;
			buildSettings = {
				ASSETCATALOG_COMPILER_APPICON_NAME = AppIcon;
				ASSETCATALOG_COMPILER_GLOBAL_ACCENT_COLOR_NAME = AccentColor;
				CODE_SIGN_STYLE = Automatic;
				CURRENT_PROJECT_VERSION = 1;
				DEVELOPMENT_ASSET_PATHS = "\"wacMTVysag/Preview Content\"";
				DEVELOPMENT_TEAM = 8Q4PW3Z965;
				ENABLE_PREVIEWS = YES;
				GENERATE_INFOPLIST_FILE = YES;
				INFOPLIST_KEY_UIApplicationSceneManifest_Generation = YES;
				INFOPLIST_KEY_UIApplicationSupportsIndirectInputEvents = YES;
				INFOPLIST_KEY_UILaunchScreen_Generation = YES;
				INFOPLIST_KEY_UISupportedInterfaceOrientations_iPad = "UIInterfaceOrientationPortrait UIInterfaceOrientationPortraitUpsideDown UIInterfaceOrientationLandscapeLeft UIInterfaceOrientationLandscapeRight";
				INFOPLIST_KEY_UISupportedInterfaceOrientations_iPhone = "UIInterfaceOrientationPortrait UIInterfaceOrientationLandscapeLeft UIInterfaceOrientationLandscapeRight";
				LD_RUNPATH_SEARCH_PATHS = (
					"$(inherited)",
					"@executable_path/Frameworks",
				);
				MARKETING_VERSION = 1.0;
				PRODUCT_BUNDLE_IDENTIFIER = com.vysag.wacMTVysag;
				PRODUCT_NAME = "$(TARGET_NAME)";
				SWIFT_EMIT_LOC_STRINGS = YES;
				SWIFT_VERSION = 5.0;
				TARGETED_DEVICE_FAMILY = "1,2";
			};
			name = Release;
		};
/* End XCBuildConfiguration section */

/* Begin XCConfigurationList section */
		2AB61FE6299FCED5001F87D0 /* Build configuration list for PBXProject "wacMTVysag" */ = {
			isa = XCConfigurationList;
			buildConfigurations = (
				2AB61FF7299FCEDB001F87D0 /* Debug */,
				2AB61FF8299FCEDB001F87D0 /* Release */,
			);
			defaultConfigurationIsVisible = 0;
			defaultConfigurationName = Release;
		};
		2AB61FF9299FCEDB001F87D0 /* Build configuration list for PBXNativeTarget "wacMTVysag" */ = {
			isa = XCConfigurationList;
			buildConfigurations = (
				2AB61FFA299FCEDB001F87D0 /* Debug */,
				2AB61FFB299FCEDB001F87D0 /* Release */,
			);
			defaultConfigurationIsVisible = 0;
			defaultConfigurationName = Release;
		};
/* End XCConfigurationList section */
	};
	rootObject = 2AB61FE3299FCED5001F87D0 /* Project object */;
}
